// !$*UTF8*$!
{
	archiveVersion = 1;
	classes = {
	};
	objectVersion = 46;
	objects = {

/* Begin PBXBuildFile section */
		00E356F31AD99517003FC87E /* breatEkSmartTests.m in Sources */ = {isa = PBXBuildFile; fileRef = 00E356F21AD99517003FC87E /* breatEkSmartTests.m */; };
		13B07FBC1A68108700A75B9A /* AppDelegate.m in Sources */ = {isa = PBXBuildFile; fileRef = 13B07FB01A68108700A75B9A /* AppDelegate.m */; };
		13B07FBD1A68108700A75B9A /* LaunchScreen.xib in Resources */ = {isa = PBXBuildFile; fileRef = 13B07FB11A68108700A75B9A /* LaunchScreen.xib */; };
		13B07FBF1A68108700A75B9A /* Images.xcassets in Resources */ = {isa = PBXBuildFile; fileRef = 13B07FB51A68108700A75B9A /* Images.xcassets */; };
		13B07FC11A68108700A75B9A /* main.m in Sources */ = {isa = PBXBuildFile; fileRef = 13B07FB71A68108700A75B9A /* main.m */; };
		2D02E4BC1E0B4A80006451C7 /* AppDelegate.m in Sources */ = {isa = PBXBuildFile; fileRef = 13B07FB01A68108700A75B9A /* AppDelegate.m */; };
		2D02E4BD1E0B4A84006451C7 /* Images.xcassets in Resources */ = {isa = PBXBuildFile; fileRef = 13B07FB51A68108700A75B9A /* Images.xcassets */; };
		2D02E4BF1E0B4AB3006451C7 /* main.m in Sources */ = {isa = PBXBuildFile; fileRef = 13B07FB71A68108700A75B9A /* main.m */; };
		2DCD954D1E0B4F2C00145EB5 /* breatEkSmartTests.m in Sources */ = {isa = PBXBuildFile; fileRef = 00E356F21AD99517003FC87E /* breatEkSmartTests.m */; };
		F339439536E94B61B65DCF34 /* AntDesign.ttf in Resources */ = {isa = PBXBuildFile; fileRef = ABA1E5850F4A4532A199FD05 /* AntDesign.ttf */; };
		F0BE6DEB83464BF696625555 /* Entypo.ttf in Resources */ = {isa = PBXBuildFile; fileRef = 3CB885DEB89B4AD291C03696 /* Entypo.ttf */; };
		481CDD9232DA46A79FDD6A54 /* EvilIcons.ttf in Resources */ = {isa = PBXBuildFile; fileRef = 1121253A13174EA78A4D7B23 /* EvilIcons.ttf */; };
		44E82B9BA54A49AB823AB42E /* Feather.ttf in Resources */ = {isa = PBXBuildFile; fileRef = 7B9FB59E32C94C8095C43F2F /* Feather.ttf */; };
		3DF6ABCFD350462889241B10 /* FontAwesome.ttf in Resources */ = {isa = PBXBuildFile; fileRef = 7EB8863674684D2AB485DD9F /* FontAwesome.ttf */; };
		6B7BFAB87A8743199D4D09A3 /* FontAwesome5_Brands.ttf in Resources */ = {isa = PBXBuildFile; fileRef = 0488A5731856446CB14657BA /* FontAwesome5_Brands.ttf */; };
		5B060221F118405F8E85B20A /* FontAwesome5_Regular.ttf in Resources */ = {isa = PBXBuildFile; fileRef = B446D465A5424CC4865A56B4 /* FontAwesome5_Regular.ttf */; };
		BC1F7F4AAF3C46EEAB401273 /* FontAwesome5_Solid.ttf in Resources */ = {isa = PBXBuildFile; fileRef = B96F72A241DF4EDF806E280B /* FontAwesome5_Solid.ttf */; };
		4904717270C74954956A2A44 /* Fontisto.ttf in Resources */ = {isa = PBXBuildFile; fileRef = 0DCE26EDA81A485895F0CBCF /* Fontisto.ttf */; };
		8DD6938EAD10462A80C9CE76 /* Foundation.ttf in Resources */ = {isa = PBXBuildFile; fileRef = A70A1E9C33E54541B91CF3B4 /* Foundation.ttf */; };
		E5E9CDD1998B4485B93ACC90 /* Ionicons.ttf in Resources */ = {isa = PBXBuildFile; fileRef = 6A97DD4C6B964C999128418C /* Ionicons.ttf */; };
		E2BF901CAFE44E9A81CBC571 /* MaterialCommunityIcons.ttf in Resources */ = {isa = PBXBuildFile; fileRef = 8B107E9A88C44FBF9F5B48B3 /* MaterialCommunityIcons.ttf */; };
		BDB7770C0341424B958A6B01 /* MaterialIcons.ttf in Resources */ = {isa = PBXBuildFile; fileRef = C446D5712894421B8120E91C /* MaterialIcons.ttf */; };
		14C562EEDC7143B584B28B54 /* Octicons.ttf in Resources */ = {isa = PBXBuildFile; fileRef = FE01766FD3A546AE943A8A82 /* Octicons.ttf */; };
		A68773337E2049539F6CC3E2 /* SimpleLineIcons.ttf in Resources */ = {isa = PBXBuildFile; fileRef = DD31A7BDDA704C2AAA7DEFBD /* SimpleLineIcons.ttf */; };
		4C434383A43C42BFABD2C28B /* Zocial.ttf in Resources */ = {isa = PBXBuildFile; fileRef = 65B407004CBF43B59BA23B29 /* Zocial.ttf */; };
		E5E8D42894724912B5F01A7A /* Aladin-Regular.ttf in Resources */ = {isa = PBXBuildFile; fileRef = C82FA58C978C4085A9C20CF7 /* Aladin-Regular.ttf */; };
		9D50C1CC63054B0293465AD0 /* Baloo2-Regular.ttf in Resources */ = {isa = PBXBuildFile; fileRef = D90BF27515E3420EB0234BB2 /* Baloo2-Regular.ttf */; };
		799151F6950D4B9D91E46353 /* BalooChettan2-Bold.ttf in Resources */ = {isa = PBXBuildFile; fileRef = BEBBAFDCEB3540A5A7751F43 /* BalooChettan2-Bold.ttf */; };
		9BEFC5D4291C41C1BFB9F33A /* BalooChettan2-Regular.ttf in Resources */ = {isa = PBXBuildFile; fileRef = 2A7A1AF68FA04EE5A1964A7F /* BalooChettan2-Regular.ttf */; };
		497A9CDB6143483AB131153F /* Comfortaa-VariableFont_wght.ttf in Resources */ = {isa = PBXBuildFile; fileRef = 078A94905BDB43A2B93DFD8A /* Comfortaa-VariableFont_wght.ttf */; };
		ED23E851A53D4C38B3E763E4 /* FiraCode-VariableFont_wght.ttf in Resources */ = {isa = PBXBuildFile; fileRef = D4B6D7F6542F45A09F038227 /* FiraCode-VariableFont_wght.ttf */; };
		34F5201E62AF485D90A619C4 /* Handlee-Regular.ttf in Resources */ = {isa = PBXBuildFile; fileRef = 7E4FF1C9289D4500BFB5420F /* Handlee-Regular.ttf */; };
		52BF8AA24B9846258DEDC2CF /* MeriendaOne-Regular.ttf in Resources */ = {isa = PBXBuildFile; fileRef = 3C9DD379E6234ACD8E2C6A59 /* MeriendaOne-Regular.ttf */; };
		38461C7DAD724091A5E90C64 /* Montserrat-Medium.ttf in Resources */ = {isa = PBXBuildFile; fileRef = 49B456FADC3E4BB1889820A5 /* Montserrat-Medium.ttf */; };
		4A8D723E6E9E49B8AD5CB0D8 /* Montserrat-SemiBold.ttf in Resources */ = {isa = PBXBuildFile; fileRef = E8073F435C934D34A2537F4C /* Montserrat-SemiBold.ttf */; };
		0072EFA4C73547959CCA2D76 /* NotoSansJP-Bold.otf in Resources */ = {isa = PBXBuildFile; fileRef = E3B95C42FF094765AFBCEE0E /* NotoSansJP-Bold.otf */; };
		7EB0D7F5A31548B6A31A9CA9 /* NotoSansJP-Medium.otf in Resources */ = {isa = PBXBuildFile; fileRef = 9FF279F2C3E34A23897E5648 /* NotoSansJP-Medium.otf */; };
		C838BA736D794D1C9F5D63C0 /* NotoSansJP-Regular.otf in Resources */ = {isa = PBXBuildFile; fileRef = 44953B56E69945DEA31518B1 /* NotoSansJP-Regular.otf */; };
		1A55E75AD6C34C2B9C50DE4B /* NotoSansJP-Thin.otf in Resources */ = {isa = PBXBuildFile; fileRef = 8076706A45404C05B4DB52FF /* NotoSansJP-Thin.otf */; };
		AD5278BF822E4AF2965BA696 /* OxygenMono-Regular.ttf in Resources */ = {isa = PBXBuildFile; fileRef = 126E9FB8C0B44B4CA96A155F /* OxygenMono-Regular.ttf */; };
		A278E9BDE83A4C14B3761D7B /* Tabitha.ttf in Resources */ = {isa = PBXBuildFile; fileRef = 60AF0D6238BC446A8B862543 /* Tabitha.ttf */; };
		83F1DF467B814FB5848AD406 /* WorkSans-Regular.ttf in Resources */ = {isa = PBXBuildFile; fileRef = 3E92FC7C209B4AFF94DEBBE0 /* WorkSans-Regular.ttf */; };
		216FBAE162F845778F9661EF /* WorkSans-SemiBold.ttf in Resources */ = {isa = PBXBuildFile; fileRef = A94FDD20876541B78395F9E3 /* WorkSans-SemiBold.ttf */; };
		E4E5F81EF94D4BB197CC9A2B /* Xerox Serif Narrow Bold.ttf in Resources */ = {isa = PBXBuildFile; fileRef = 02AB6856D6D24C7DB5B5CDBA /* Xerox Serif Narrow Bold.ttf */; };
		3EAC06BFCC9E4F4AA451C94D /* Aladin-Regular.ttf in Resources */ = {isa = PBXBuildFile; fileRef = 7ABFA4DBA3FD4A2CAD9B562D /* Aladin-Regular.ttf */; };
		DF725F074E944625896523AB /* Baloo2-Regular.ttf in Resources */ = {isa = PBXBuildFile; fileRef = B8D0735A09604241978DEF9A /* Baloo2-Regular.ttf */; };
		2B15F2EDB8AD44B1AF9AFEB0 /* BalooChettan2-Bold.ttf in Resources */ = {isa = PBXBuildFile; fileRef = 697ECB9ABE924AC9B0FFF54F /* BalooChettan2-Bold.ttf */; };
		74BC3972160E40D6A7199888 /* BalooChettan2-Regular.ttf in Resources */ = {isa = PBXBuildFile; fileRef = 2C857D59582145F987D12775 /* BalooChettan2-Regular.ttf */; };
		CE3A4D8BD4A04777B9C9C552 /* Comfortaa-VariableFont_wght.ttf in Resources */ = {isa = PBXBuildFile; fileRef = D8F8B09130484DE8BE78F373 /* Comfortaa-VariableFont_wght.ttf */; };
		C427C5A28E20499CA49E2EED /* FiraCode-VariableFont_wght.ttf in Resources */ = {isa = PBXBuildFile; fileRef = EE00BF89FFC448169082CF88 /* FiraCode-VariableFont_wght.ttf */; };
		E617935D9A7542A59219A3EC /* Handlee-Regular.ttf in Resources */ = {isa = PBXBuildFile; fileRef = E65CA9EBDDB144B7823FB777 /* Handlee-Regular.ttf */; };
		78043D5643B8402E98E97F4E /* MeriendaOne-Regular.ttf in Resources */ = {isa = PBXBuildFile; fileRef = 2B70DA1C479D4E34B8D823E0 /* MeriendaOne-Regular.ttf */; };
		FD73286F196040C298AADE6B /* Montserrat-Medium.ttf in Resources */ = {isa = PBXBuildFile; fileRef = 9A6CF448E7854113BE2331DD /* Montserrat-Medium.ttf */; };
		D8D2CFD53BE44FFFB4A2F9DD /* Montserrat-SemiBold.ttf in Resources */ = {isa = PBXBuildFile; fileRef = CA6956984467461E918CCF61 /* Montserrat-SemiBold.ttf */; };
		7A62EC81C06D4B5498625D5A /* NotoSansJP-Bold.otf in Resources */ = {isa = PBXBuildFile; fileRef = 9202499D2BEF43468BDF4A1F /* NotoSansJP-Bold.otf */; };
		C21152526DB543D3A833886A /* NotoSansJP-Medium.otf in Resources */ = {isa = PBXBuildFile; fileRef = 22285042F51C49559D2AF918 /* NotoSansJP-Medium.otf */; };
		AAC540885FDC44628809371C /* NotoSansJP-Regular.otf in Resources */ = {isa = PBXBuildFile; fileRef = 2AF5964B4E7B431E9F58CECD /* NotoSansJP-Regular.otf */; };
		89813DF49CD84DD88E81D8AB /* NotoSansJP-Thin.otf in Resources */ = {isa = PBXBuildFile; fileRef = 81A44089D86045A2BBF3303A /* NotoSansJP-Thin.otf */; };
		EE6608DA856648079D6B0C7D /* OxygenMono-Regular.ttf in Resources */ = {isa = PBXBuildFile; fileRef = 44C101B2B69F4C2E853E0C2A /* OxygenMono-Regular.ttf */; };
		3D10CFFCA86E437BB4A39FE2 /* Tabitha.ttf in Resources */ = {isa = PBXBuildFile; fileRef = ADC59AD28B744445BEB76BBB /* Tabitha.ttf */; };
		58F52E76C684405FB2F2768A /* Xerox Serif Narrow Bold.ttf in Resources */ = {isa = PBXBuildFile; fileRef = 83865806D08644D5AAB690B0 /* Xerox Serif Narrow Bold.ttf */; };
/* End PBXBuildFile section */

/* Begin PBXContainerItemProxy section */
		00E356F41AD99517003FC87E /* PBXContainerItemProxy */ = {
			isa = PBXContainerItemProxy;
			containerPortal = 83CBB9F71A601CBA00E9B192 /* Project object */;
			proxyType = 1;
			remoteGlobalIDString = 13B07F861A680F5B00A75B9A;
			remoteInfo = breatEkSmart;
		};
		2D02E4911E0B4A5D006451C7 /* PBXContainerItemProxy */ = {
			isa = PBXContainerItemProxy;
			containerPortal = 83CBB9F71A601CBA00E9B192 /* Project object */;
			proxyType = 1;
			remoteGlobalIDString = 2D02E47A1E0B4A5D006451C7;
			remoteInfo = "breatEkSmart-tvOS";
		};
/* End PBXContainerItemProxy section */

/* Begin PBXFileReference section */
		008F07F21AC5B25A0029DE68 /* main.jsbundle */ = {isa = PBXFileReference; fileEncoding = 4; lastKnownFileType = text; path = main.jsbundle; sourceTree = "<group>"; };
		00E356EE1AD99517003FC87E /* breatEkSmartTests.xctest */ = {isa = PBXFileReference; explicitFileType = wrapper.cfbundle; includeInIndex = 0; path = breatEkSmartTests.xctest; sourceTree = BUILT_PRODUCTS_DIR; };
		00E356F11AD99517003FC87E /* Info.plist */ = {isa = PBXFileReference; lastKnownFileType = text.plist.xml; path = Info.plist; sourceTree = "<group>"; };
		00E356F21AD99517003FC87E /* breatEkSmartTests.m */ = {isa = PBXFileReference; lastKnownFileType = sourcecode.c.objc; path = breatEkSmartTests.m; sourceTree = "<group>"; };
		13B07F961A680F5B00A75B9A /* breatEkSmart.app */ = {isa = PBXFileReference; explicitFileType = wrapper.application; includeInIndex = 0; path = breatEkSmart.app; sourceTree = BUILT_PRODUCTS_DIR; };
		13B07FAF1A68108700A75B9A /* AppDelegate.h */ = {isa = PBXFileReference; fileEncoding = 4; lastKnownFileType = sourcecode.c.h; name = AppDelegate.h; path = breatEkSmart/AppDelegate.h; sourceTree = "<group>"; };
		13B07FB01A68108700A75B9A /* AppDelegate.m */ = {isa = PBXFileReference; fileEncoding = 4; lastKnownFileType = sourcecode.c.objc; name = AppDelegate.m; path = breatEkSmart/AppDelegate.m; sourceTree = "<group>"; };
		13B07FB21A68108700A75B9A /* Base */ = {isa = PBXFileReference; lastKnownFileType = file.xib; name = Base; path = Base.lproj/LaunchScreen.xib; sourceTree = "<group>"; };
		13B07FB51A68108700A75B9A /* Images.xcassets */ = {isa = PBXFileReference; lastKnownFileType = folder.assetcatalog; name = Images.xcassets; path = breatEkSmart/Images.xcassets; sourceTree = "<group>"; };
		13B07FB61A68108700A75B9A /* Info.plist */ = {isa = PBXFileReference; fileEncoding = 4; lastKnownFileType = text.plist.xml; name = Info.plist; path = breatEkSmart/Info.plist; sourceTree = "<group>"; };
		13B07FB71A68108700A75B9A /* main.m */ = {isa = PBXFileReference; fileEncoding = 4; lastKnownFileType = sourcecode.c.objc; name = main.m; path = breatEkSmart/main.m; sourceTree = "<group>"; };
		2D02E47B1E0B4A5D006451C7 /* breatEkSmart-tvOS.app */ = {isa = PBXFileReference; explicitFileType = wrapper.application; includeInIndex = 0; path = "breatEkSmart-tvOS.app"; sourceTree = BUILT_PRODUCTS_DIR; };
		2D02E4901E0B4A5D006451C7 /* breatEkSmart-tvOSTests.xctest */ = {isa = PBXFileReference; explicitFileType = wrapper.cfbundle; includeInIndex = 0; path = "breatEkSmart-tvOSTests.xctest"; sourceTree = BUILT_PRODUCTS_DIR; };
		ED297162215061F000B7C4FE /* JavaScriptCore.framework */ = {isa = PBXFileReference; lastKnownFileType = wrapper.framework; name = JavaScriptCore.framework; path = System/Library/Frameworks/JavaScriptCore.framework; sourceTree = SDKROOT; };
		ED2971642150620600B7C4FE /* JavaScriptCore.framework */ = {isa = PBXFileReference; lastKnownFileType = wrapper.framework; name = JavaScriptCore.framework; path = Platforms/AppleTVOS.platform/Developer/SDKs/AppleTVOS12.0.sdk/System/Library/Frameworks/JavaScriptCore.framework; sourceTree = DEVELOPER_DIR; };
		ABA1E5850F4A4532A199FD05 /* AntDesign.ttf */ = {isa = PBXFileReference; name = "AntDesign.ttf"; path = "../node_modules/react-native-vector-icons/Fonts/AntDesign.ttf"; sourceTree = "<group>"; fileEncoding = undefined; lastKnownFileType = unknown; explicitFileType = undefined; includeInIndex = 0; };
		3CB885DEB89B4AD291C03696 /* Entypo.ttf */ = {isa = PBXFileReference; name = "Entypo.ttf"; path = "../node_modules/react-native-vector-icons/Fonts/Entypo.ttf"; sourceTree = "<group>"; fileEncoding = undefined; lastKnownFileType = unknown; explicitFileType = undefined; includeInIndex = 0; };
		1121253A13174EA78A4D7B23 /* EvilIcons.ttf */ = {isa = PBXFileReference; name = "EvilIcons.ttf"; path = "../node_modules/react-native-vector-icons/Fonts/EvilIcons.ttf"; sourceTree = "<group>"; fileEncoding = undefined; lastKnownFileType = unknown; explicitFileType = undefined; includeInIndex = 0; };
		7B9FB59E32C94C8095C43F2F /* Feather.ttf */ = {isa = PBXFileReference; name = "Feather.ttf"; path = "../node_modules/react-native-vector-icons/Fonts/Feather.ttf"; sourceTree = "<group>"; fileEncoding = undefined; lastKnownFileType = unknown; explicitFileType = undefined; includeInIndex = 0; };
		7EB8863674684D2AB485DD9F /* FontAwesome.ttf */ = {isa = PBXFileReference; name = "FontAwesome.ttf"; path = "../node_modules/react-native-vector-icons/Fonts/FontAwesome.ttf"; sourceTree = "<group>"; fileEncoding = undefined; lastKnownFileType = unknown; explicitFileType = undefined; includeInIndex = 0; };
		0488A5731856446CB14657BA /* FontAwesome5_Brands.ttf */ = {isa = PBXFileReference; name = "FontAwesome5_Brands.ttf"; path = "../node_modules/react-native-vector-icons/Fonts/FontAwesome5_Brands.ttf"; sourceTree = "<group>"; fileEncoding = undefined; lastKnownFileType = unknown; explicitFileType = undefined; includeInIndex = 0; };
		B446D465A5424CC4865A56B4 /* FontAwesome5_Regular.ttf */ = {isa = PBXFileReference; name = "FontAwesome5_Regular.ttf"; path = "../node_modules/react-native-vector-icons/Fonts/FontAwesome5_Regular.ttf"; sourceTree = "<group>"; fileEncoding = undefined; lastKnownFileType = unknown; explicitFileType = undefined; includeInIndex = 0; };
		B96F72A241DF4EDF806E280B /* FontAwesome5_Solid.ttf */ = {isa = PBXFileReference; name = "FontAwesome5_Solid.ttf"; path = "../node_modules/react-native-vector-icons/Fonts/FontAwesome5_Solid.ttf"; sourceTree = "<group>"; fileEncoding = undefined; lastKnownFileType = unknown; explicitFileType = undefined; includeInIndex = 0; };
		0DCE26EDA81A485895F0CBCF /* Fontisto.ttf */ = {isa = PBXFileReference; name = "Fontisto.ttf"; path = "../node_modules/react-native-vector-icons/Fonts/Fontisto.ttf"; sourceTree = "<group>"; fileEncoding = undefined; lastKnownFileType = unknown; explicitFileType = undefined; includeInIndex = 0; };
		A70A1E9C33E54541B91CF3B4 /* Foundation.ttf */ = {isa = PBXFileReference; name = "Foundation.ttf"; path = "../node_modules/react-native-vector-icons/Fonts/Foundation.ttf"; sourceTree = "<group>"; fileEncoding = undefined; lastKnownFileType = unknown; explicitFileType = undefined; includeInIndex = 0; };
		6A97DD4C6B964C999128418C /* Ionicons.ttf */ = {isa = PBXFileReference; name = "Ionicons.ttf"; path = "../node_modules/react-native-vector-icons/Fonts/Ionicons.ttf"; sourceTree = "<group>"; fileEncoding = undefined; lastKnownFileType = unknown; explicitFileType = undefined; includeInIndex = 0; };
		8B107E9A88C44FBF9F5B48B3 /* MaterialCommunityIcons.ttf */ = {isa = PBXFileReference; name = "MaterialCommunityIcons.ttf"; path = "../node_modules/react-native-vector-icons/Fonts/MaterialCommunityIcons.ttf"; sourceTree = "<group>"; fileEncoding = undefined; lastKnownFileType = unknown; explicitFileType = undefined; includeInIndex = 0; };
		C446D5712894421B8120E91C /* MaterialIcons.ttf */ = {isa = PBXFileReference; name = "MaterialIcons.ttf"; path = "../node_modules/react-native-vector-icons/Fonts/MaterialIcons.ttf"; sourceTree = "<group>"; fileEncoding = undefined; lastKnownFileType = unknown; explicitFileType = undefined; includeInIndex = 0; };
		FE01766FD3A546AE943A8A82 /* Octicons.ttf */ = {isa = PBXFileReference; name = "Octicons.ttf"; path = "../node_modules/react-native-vector-icons/Fonts/Octicons.ttf"; sourceTree = "<group>"; fileEncoding = undefined; lastKnownFileType = unknown; explicitFileType = undefined; includeInIndex = 0; };
		DD31A7BDDA704C2AAA7DEFBD /* SimpleLineIcons.ttf */ = {isa = PBXFileReference; name = "SimpleLineIcons.ttf"; path = "../node_modules/react-native-vector-icons/Fonts/SimpleLineIcons.ttf"; sourceTree = "<group>"; fileEncoding = undefined; lastKnownFileType = unknown; explicitFileType = undefined; includeInIndex = 0; };
		65B407004CBF43B59BA23B29 /* Zocial.ttf */ = {isa = PBXFileReference; name = "Zocial.ttf"; path = "../node_modules/react-native-vector-icons/Fonts/Zocial.ttf"; sourceTree = "<group>"; fileEncoding = undefined; lastKnownFileType = unknown; explicitFileType = undefined; includeInIndex = 0; };
		C82FA58C978C4085A9C20CF7 /* Aladin-Regular.ttf */ = {isa = PBXFileReference; name = "Aladin-Regular.ttf"; path = "../assets/fonts/Aladin-Regular.ttf"; sourceTree = "<group>"; fileEncoding = undefined; lastKnownFileType = unknown; explicitFileType = undefined; includeInIndex = 0; };
		D90BF27515E3420EB0234BB2 /* Baloo2-Regular.ttf */ = {isa = PBXFileReference; name = "Baloo2-Regular.ttf"; path = "../assets/fonts/Baloo2-Regular.ttf"; sourceTree = "<group>"; fileEncoding = undefined; lastKnownFileType = unknown; explicitFileType = undefined; includeInIndex = 0; };
		BEBBAFDCEB3540A5A7751F43 /* BalooChettan2-Bold.ttf */ = {isa = PBXFileReference; name = "BalooChettan2-Bold.ttf"; path = "../assets/fonts/BalooChettan2-Bold.ttf"; sourceTree = "<group>"; fileEncoding = undefined; lastKnownFileType = unknown; explicitFileType = undefined; includeInIndex = 0; };
		2A7A1AF68FA04EE5A1964A7F /* BalooChettan2-Regular.ttf */ = {isa = PBXFileReference; name = "BalooChettan2-Regular.ttf"; path = "../assets/fonts/BalooChettan2-Regular.ttf"; sourceTree = "<group>"; fileEncoding = undefined; lastKnownFileType = unknown; explicitFileType = undefined; includeInIndex = 0; };
		078A94905BDB43A2B93DFD8A /* Comfortaa-VariableFont_wght.ttf */ = {isa = PBXFileReference; name = "Comfortaa-VariableFont_wght.ttf"; path = "../assets/fonts/Comfortaa-VariableFont_wght.ttf"; sourceTree = "<group>"; fileEncoding = undefined; lastKnownFileType = unknown; explicitFileType = undefined; includeInIndex = 0; };
		D4B6D7F6542F45A09F038227 /* FiraCode-VariableFont_wght.ttf */ = {isa = PBXFileReference; name = "FiraCode-VariableFont_wght.ttf"; path = "../assets/fonts/FiraCode-VariableFont_wght.ttf"; sourceTree = "<group>"; fileEncoding = undefined; lastKnownFileType = unknown; explicitFileType = undefined; includeInIndex = 0; };
		7E4FF1C9289D4500BFB5420F /* Handlee-Regular.ttf */ = {isa = PBXFileReference; name = "Handlee-Regular.ttf"; path = "../assets/fonts/Handlee-Regular.ttf"; sourceTree = "<group>"; fileEncoding = undefined; lastKnownFileType = unknown; explicitFileType = undefined; includeInIndex = 0; };
		3C9DD379E6234ACD8E2C6A59 /* MeriendaOne-Regular.ttf */ = {isa = PBXFileReference; name = "MeriendaOne-Regular.ttf"; path = "../assets/fonts/MeriendaOne-Regular.ttf"; sourceTree = "<group>"; fileEncoding = undefined; lastKnownFileType = unknown; explicitFileType = undefined; includeInIndex = 0; };
		49B456FADC3E4BB1889820A5 /* Montserrat-Medium.ttf */ = {isa = PBXFileReference; name = "Montserrat-Medium.ttf"; path = "../assets/fonts/Montserrat-Medium.ttf"; sourceTree = "<group>"; fileEncoding = undefined; lastKnownFileType = unknown; explicitFileType = undefined; includeInIndex = 0; };
		E8073F435C934D34A2537F4C /* Montserrat-SemiBold.ttf */ = {isa = PBXFileReference; name = "Montserrat-SemiBold.ttf"; path = "../assets/fonts/Montserrat-SemiBold.ttf"; sourceTree = "<group>"; fileEncoding = undefined; lastKnownFileType = unknown; explicitFileType = undefined; includeInIndex = 0; };
		E3B95C42FF094765AFBCEE0E /* NotoSansJP-Bold.otf */ = {isa = PBXFileReference; name = "NotoSansJP-Bold.otf"; path = "../assets/fonts/NotoSansJP-Bold.otf"; sourceTree = "<group>"; fileEncoding = undefined; lastKnownFileType = unknown; explicitFileType = undefined; includeInIndex = 0; };
		9FF279F2C3E34A23897E5648 /* NotoSansJP-Medium.otf */ = {isa = PBXFileReference; name = "NotoSansJP-Medium.otf"; path = "../assets/fonts/NotoSansJP-Medium.otf"; sourceTree = "<group>"; fileEncoding = undefined; lastKnownFileType = unknown; explicitFileType = undefined; includeInIndex = 0; };
		44953B56E69945DEA31518B1 /* NotoSansJP-Regular.otf */ = {isa = PBXFileReference; name = "NotoSansJP-Regular.otf"; path = "../assets/fonts/NotoSansJP-Regular.otf"; sourceTree = "<group>"; fileEncoding = undefined; lastKnownFileType = unknown; explicitFileType = undefined; includeInIndex = 0; };
		8076706A45404C05B4DB52FF /* NotoSansJP-Thin.otf */ = {isa = PBXFileReference; name = "NotoSansJP-Thin.otf"; path = "../assets/fonts/NotoSansJP-Thin.otf"; sourceTree = "<group>"; fileEncoding = undefined; lastKnownFileType = unknown; explicitFileType = undefined; includeInIndex = 0; };
		126E9FB8C0B44B4CA96A155F /* OxygenMono-Regular.ttf */ = {isa = PBXFileReference; name = "OxygenMono-Regular.ttf"; path = "../assets/fonts/OxygenMono-Regular.ttf"; sourceTree = "<group>"; fileEncoding = undefined; lastKnownFileType = unknown; explicitFileType = undefined; includeInIndex = 0; };
		60AF0D6238BC446A8B862543 /* Tabitha.ttf */ = {isa = PBXFileReference; name = "Tabitha.ttf"; path = "../assets/fonts/Tabitha.ttf"; sourceTree = "<group>"; fileEncoding = undefined; lastKnownFileType = unknown; explicitFileType = undefined; includeInIndex = 0; };
		3E92FC7C209B4AFF94DEBBE0 /* WorkSans-Regular.ttf */ = {isa = PBXFileReference; name = "WorkSans-Regular.ttf"; path = "../assets/fonts/WorkSans-Regular.ttf"; sourceTree = "<group>"; fileEncoding = undefined; lastKnownFileType = unknown; explicitFileType = undefined; includeInIndex = 0; };
		A94FDD20876541B78395F9E3 /* WorkSans-SemiBold.ttf */ = {isa = PBXFileReference; name = "WorkSans-SemiBold.ttf"; path = "../assets/fonts/WorkSans-SemiBold.ttf"; sourceTree = "<group>"; fileEncoding = undefined; lastKnownFileType = unknown; explicitFileType = undefined; includeInIndex = 0; };
		02AB6856D6D24C7DB5B5CDBA /* Xerox Serif Narrow Bold.ttf */ = {isa = PBXFileReference; name = "Xerox Serif Narrow Bold.ttf"; path = "../assets/fonts/Xerox Serif Narrow Bold.ttf"; sourceTree = "<group>"; fileEncoding = undefined; lastKnownFileType = unknown; explicitFileType = undefined; includeInIndex = 0; };
		7ABFA4DBA3FD4A2CAD9B562D /* Aladin-Regular.ttf */ = {isa = PBXFileReference; name = "Aladin-Regular.ttf"; path = "../scr/assets/fonts/Aladin-Regular.ttf"; sourceTree = "<group>"; fileEncoding = undefined; lastKnownFileType = unknown; explicitFileType = undefined; includeInIndex = 0; };
		B8D0735A09604241978DEF9A /* Baloo2-Regular.ttf */ = {isa = PBXFileReference; name = "Baloo2-Regular.ttf"; path = "../scr/assets/fonts/Baloo2-Regular.ttf"; sourceTree = "<group>"; fileEncoding = undefined; lastKnownFileType = unknown; explicitFileType = undefined; includeInIndex = 0; };
		697ECB9ABE924AC9B0FFF54F /* BalooChettan2-Bold.ttf */ = {isa = PBXFileReference; name = "BalooChettan2-Bold.ttf"; path = "../scr/assets/fonts/BalooChettan2-Bold.ttf"; sourceTree = "<group>"; fileEncoding = undefined; lastKnownFileType = unknown; explicitFileType = undefined; includeInIndex = 0; };
		2C857D59582145F987D12775 /* BalooChettan2-Regular.ttf */ = {isa = PBXFileReference; name = "BalooChettan2-Regular.ttf"; path = "../scr/assets/fonts/BalooChettan2-Regular.ttf"; sourceTree = "<group>"; fileEncoding = undefined; lastKnownFileType = unknown; explicitFileType = undefined; includeInIndex = 0; };
		D8F8B09130484DE8BE78F373 /* Comfortaa-VariableFont_wght.ttf */ = {isa = PBXFileReference; name = "Comfortaa-VariableFont_wght.ttf"; path = "../scr/assets/fonts/Comfortaa-VariableFont_wght.ttf"; sourceTree = "<group>"; fileEncoding = undefined; lastKnownFileType = unknown; explicitFileType = undefined; includeInIndex = 0; };
		EE00BF89FFC448169082CF88 /* FiraCode-VariableFont_wght.ttf */ = {isa = PBXFileReference; name = "FiraCode-VariableFont_wght.ttf"; path = "../scr/assets/fonts/FiraCode-VariableFont_wght.ttf"; sourceTree = "<group>"; fileEncoding = undefined; lastKnownFileType = unknown; explicitFileType = undefined; includeInIndex = 0; };
		E65CA9EBDDB144B7823FB777 /* Handlee-Regular.ttf */ = {isa = PBXFileReference; name = "Handlee-Regular.ttf"; path = "../scr/assets/fonts/Handlee-Regular.ttf"; sourceTree = "<group>"; fileEncoding = undefined; lastKnownFileType = unknown; explicitFileType = undefined; includeInIndex = 0; };
		2B70DA1C479D4E34B8D823E0 /* MeriendaOne-Regular.ttf */ = {isa = PBXFileReference; name = "MeriendaOne-Regular.ttf"; path = "../scr/assets/fonts/MeriendaOne-Regular.ttf"; sourceTree = "<group>"; fileEncoding = undefined; lastKnownFileType = unknown; explicitFileType = undefined; includeInIndex = 0; };
		9A6CF448E7854113BE2331DD /* Montserrat-Medium.ttf */ = {isa = PBXFileReference; name = "Montserrat-Medium.ttf"; path = "../scr/assets/fonts/Montserrat-Medium.ttf"; sourceTree = "<group>"; fileEncoding = undefined; lastKnownFileType = unknown; explicitFileType = undefined; includeInIndex = 0; };
		CA6956984467461E918CCF61 /* Montserrat-SemiBold.ttf */ = {isa = PBXFileReference; name = "Montserrat-SemiBold.ttf"; path = "../scr/assets/fonts/Montserrat-SemiBold.ttf"; sourceTree = "<group>"; fileEncoding = undefined; lastKnownFileType = unknown; explicitFileType = undefined; includeInIndex = 0; };
		9202499D2BEF43468BDF4A1F /* NotoSansJP-Bold.otf */ = {isa = PBXFileReference; name = "NotoSansJP-Bold.otf"; path = "../scr/assets/fonts/NotoSansJP-Bold.otf"; sourceTree = "<group>"; fileEncoding = undefined; lastKnownFileType = unknown; explicitFileType = undefined; includeInIndex = 0; };
		22285042F51C49559D2AF918 /* NotoSansJP-Medium.otf */ = {isa = PBXFileReference; name = "NotoSansJP-Medium.otf"; path = "../scr/assets/fonts/NotoSansJP-Medium.otf"; sourceTree = "<group>"; fileEncoding = undefined; lastKnownFileType = unknown; explicitFileType = undefined; includeInIndex = 0; };
		2AF5964B4E7B431E9F58CECD /* NotoSansJP-Regular.otf */ = {isa = PBXFileReference; name = "NotoSansJP-Regular.otf"; path = "../scr/assets/fonts/NotoSansJP-Regular.otf"; sourceTree = "<group>"; fileEncoding = undefined; lastKnownFileType = unknown; explicitFileType = undefined; includeInIndex = 0; };
		81A44089D86045A2BBF3303A /* NotoSansJP-Thin.otf */ = {isa = PBXFileReference; name = "NotoSansJP-Thin.otf"; path = "../scr/assets/fonts/NotoSansJP-Thin.otf"; sourceTree = "<group>"; fileEncoding = undefined; lastKnownFileType = unknown; explicitFileType = undefined; includeInIndex = 0; };
		44C101B2B69F4C2E853E0C2A /* OxygenMono-Regular.ttf */ = {isa = PBXFileReference; name = "OxygenMono-Regular.ttf"; path = "../scr/assets/fonts/OxygenMono-Regular.ttf"; sourceTree = "<group>"; fileEncoding = undefined; lastKnownFileType = unknown; explicitFileType = undefined; includeInIndex = 0; };
		ADC59AD28B744445BEB76BBB /* Tabitha.ttf */ = {isa = PBXFileReference; name = "Tabitha.ttf"; path = "../scr/assets/fonts/Tabitha.ttf"; sourceTree = "<group>"; fileEncoding = undefined; lastKnownFileType = unknown; explicitFileType = undefined; includeInIndex = 0; };
		83865806D08644D5AAB690B0 /* Xerox Serif Narrow Bold.ttf */ = {isa = PBXFileReference; name = "Xerox Serif Narrow Bold.ttf"; path = "../scr/assets/fonts/Xerox Serif Narrow Bold.ttf"; sourceTree = "<group>"; fileEncoding = undefined; lastKnownFileType = unknown; explicitFileType = undefined; includeInIndex = 0; };
/* End PBXFileReference section */

/* Begin PBXFrameworksBuildPhase section */
		00E356EB1AD99517003FC87E /* Frameworks */ = {
			isa = PBXFrameworksBuildPhase;
			buildActionMask = 2147483647;
			files = (
			);
			runOnlyForDeploymentPostprocessing = 0;
		};
		13B07F8C1A680F5B00A75B9A /* Frameworks */ = {
			isa = PBXFrameworksBuildPhase;
			buildActionMask = 2147483647;
			files = (
			);
			runOnlyForDeploymentPostprocessing = 0;
		};
		2D02E4781E0B4A5D006451C7 /* Frameworks */ = {
			isa = PBXFrameworksBuildPhase;
			buildActionMask = 2147483647;
			files = (
			);
			runOnlyForDeploymentPostprocessing = 0;
		};
		2D02E48D1E0B4A5D006451C7 /* Frameworks */ = {
			isa = PBXFrameworksBuildPhase;
			buildActionMask = 2147483647;
			files = (
			);
			runOnlyForDeploymentPostprocessing = 0;
		};
/* End PBXFrameworksBuildPhase section */

/* Begin PBXGroup section */
		00E356EF1AD99517003FC87E /* breatEkSmartTests */ = {
			isa = PBXGroup;
			children = (
				00E356F21AD99517003FC87E /* breatEkSmartTests.m */,
				00E356F01AD99517003FC87E /* Supporting Files */,
			);
			path = breatEkSmartTests;
			sourceTree = "<group>";
		};
		00E356F01AD99517003FC87E /* Supporting Files */ = {
			isa = PBXGroup;
			children = (
				00E356F11AD99517003FC87E /* Info.plist */,
			);
			name = "Supporting Files";
			sourceTree = "<group>";
		};
		13B07FAE1A68108700A75B9A /* breatEkSmart */ = {
			isa = PBXGroup;
			children = (
				008F07F21AC5B25A0029DE68 /* main.jsbundle */,
				13B07FAF1A68108700A75B9A /* AppDelegate.h */,
				13B07FB01A68108700A75B9A /* AppDelegate.m */,
				13B07FB51A68108700A75B9A /* Images.xcassets */,
				13B07FB61A68108700A75B9A /* Info.plist */,
				13B07FB11A68108700A75B9A /* LaunchScreen.xib */,
				13B07FB71A68108700A75B9A /* main.m */,
			);
			name = breatEkSmart;
			sourceTree = "<group>";
		};
		2D16E6871FA4F8E400B85C8A /* Frameworks */ = {
			isa = PBXGroup;
			children = (
				ED297162215061F000B7C4FE /* JavaScriptCore.framework */,
				ED2971642150620600B7C4FE /* JavaScriptCore.framework */,
			);
			name = Frameworks;
			sourceTree = "<group>";
		};
		832341AE1AAA6A7D00B99B32 /* Libraries */ = {
			isa = PBXGroup;
			children = (
			);
			name = Libraries;
			sourceTree = "<group>";
		};
		83CBB9F61A601CBA00E9B192 = {
			isa = PBXGroup;
			children = (
				13B07FAE1A68108700A75B9A /* breatEkSmart */,
				832341AE1AAA6A7D00B99B32 /* Libraries */,
				00E356EF1AD99517003FC87E /* breatEkSmartTests */,
				83CBBA001A601CBA00E9B192 /* Products */,
				2D16E6871FA4F8E400B85C8A /* Frameworks */,
				52AC990F72C44494971110E9 /* Resources */,
			);
			indentWidth = 2;
			sourceTree = "<group>";
			tabWidth = 2;
			usesTabs = 0;
		};
		83CBBA001A601CBA00E9B192 /* Products */ = {
			isa = PBXGroup;
			children = (
				13B07F961A680F5B00A75B9A /* breatEkSmart.app */,
				00E356EE1AD99517003FC87E /* breatEkSmartTests.xctest */,
				2D02E47B1E0B4A5D006451C7 /* breatEkSmart-tvOS.app */,
				2D02E4901E0B4A5D006451C7 /* breatEkSmart-tvOSTests.xctest */,
			);
			name = Products;
			sourceTree = "<group>";
		};
		52AC990F72C44494971110E9 /* Resources */ = {
			isa = "PBXGroup";
			children = (
				ABA1E5850F4A4532A199FD05 /* AntDesign.ttf */,
				3CB885DEB89B4AD291C03696 /* Entypo.ttf */,
				1121253A13174EA78A4D7B23 /* EvilIcons.ttf */,
				7B9FB59E32C94C8095C43F2F /* Feather.ttf */,
				7EB8863674684D2AB485DD9F /* FontAwesome.ttf */,
				0488A5731856446CB14657BA /* FontAwesome5_Brands.ttf */,
				B446D465A5424CC4865A56B4 /* FontAwesome5_Regular.ttf */,
				B96F72A241DF4EDF806E280B /* FontAwesome5_Solid.ttf */,
				0DCE26EDA81A485895F0CBCF /* Fontisto.ttf */,
				A70A1E9C33E54541B91CF3B4 /* Foundation.ttf */,
				6A97DD4C6B964C999128418C /* Ionicons.ttf */,
				8B107E9A88C44FBF9F5B48B3 /* MaterialCommunityIcons.ttf */,
				C446D5712894421B8120E91C /* MaterialIcons.ttf */,
				FE01766FD3A546AE943A8A82 /* Octicons.ttf */,
				DD31A7BDDA704C2AAA7DEFBD /* SimpleLineIcons.ttf */,
				65B407004CBF43B59BA23B29 /* Zocial.ttf */,
				C82FA58C978C4085A9C20CF7 /* Aladin-Regular.ttf */,
				D90BF27515E3420EB0234BB2 /* Baloo2-Regular.ttf */,
				BEBBAFDCEB3540A5A7751F43 /* BalooChettan2-Bold.ttf */,
				2A7A1AF68FA04EE5A1964A7F /* BalooChettan2-Regular.ttf */,
				078A94905BDB43A2B93DFD8A /* Comfortaa-VariableFont_wght.ttf */,
				D4B6D7F6542F45A09F038227 /* FiraCode-VariableFont_wght.ttf */,
				7E4FF1C9289D4500BFB5420F /* Handlee-Regular.ttf */,
				3C9DD379E6234ACD8E2C6A59 /* MeriendaOne-Regular.ttf */,
				49B456FADC3E4BB1889820A5 /* Montserrat-Medium.ttf */,
				E8073F435C934D34A2537F4C /* Montserrat-SemiBold.ttf */,
				E3B95C42FF094765AFBCEE0E /* NotoSansJP-Bold.otf */,
				9FF279F2C3E34A23897E5648 /* NotoSansJP-Medium.otf */,
				44953B56E69945DEA31518B1 /* NotoSansJP-Regular.otf */,
				8076706A45404C05B4DB52FF /* NotoSansJP-Thin.otf */,
				126E9FB8C0B44B4CA96A155F /* OxygenMono-Regular.ttf */,
				60AF0D6238BC446A8B862543 /* Tabitha.ttf */,
				3E92FC7C209B4AFF94DEBBE0 /* WorkSans-Regular.ttf */,
				A94FDD20876541B78395F9E3 /* WorkSans-SemiBold.ttf */,
				02AB6856D6D24C7DB5B5CDBA /* Xerox Serif Narrow Bold.ttf */,
				7ABFA4DBA3FD4A2CAD9B562D /* Aladin-Regular.ttf */,
				B8D0735A09604241978DEF9A /* Baloo2-Regular.ttf */,
				697ECB9ABE924AC9B0FFF54F /* BalooChettan2-Bold.ttf */,
				2C857D59582145F987D12775 /* BalooChettan2-Regular.ttf */,
				D8F8B09130484DE8BE78F373 /* Comfortaa-VariableFont_wght.ttf */,
				EE00BF89FFC448169082CF88 /* FiraCode-VariableFont_wght.ttf */,
				E65CA9EBDDB144B7823FB777 /* Handlee-Regular.ttf */,
				2B70DA1C479D4E34B8D823E0 /* MeriendaOne-Regular.ttf */,
				9A6CF448E7854113BE2331DD /* Montserrat-Medium.ttf */,
				CA6956984467461E918CCF61 /* Montserrat-SemiBold.ttf */,
				9202499D2BEF43468BDF4A1F /* NotoSansJP-Bold.otf */,
				22285042F51C49559D2AF918 /* NotoSansJP-Medium.otf */,
				2AF5964B4E7B431E9F58CECD /* NotoSansJP-Regular.otf */,
				81A44089D86045A2BBF3303A /* NotoSansJP-Thin.otf */,
				44C101B2B69F4C2E853E0C2A /* OxygenMono-Regular.ttf */,
				ADC59AD28B744445BEB76BBB /* Tabitha.ttf */,
				83865806D08644D5AAB690B0 /* Xerox Serif Narrow Bold.ttf */,
			);
			name = Resources;
			sourceTree = "<group>";
			path = "";
		};
/* End PBXGroup section */

/* Begin PBXNativeTarget section */
		00E356ED1AD99517003FC87E /* breatEkSmartTests */ = {
			isa = PBXNativeTarget;
			buildConfigurationList = 00E357021AD99517003FC87E /* Build configuration list for PBXNativeTarget "breatEkSmartTests" */;
			buildPhases = (
				00E356EA1AD99517003FC87E /* Sources */,
				00E356EB1AD99517003FC87E /* Frameworks */,
				00E356EC1AD99517003FC87E /* Resources */,
			);
			buildRules = (
			);
			dependencies = (
				00E356F51AD99517003FC87E /* PBXTargetDependency */,
			);
			name = breatEkSmartTests;
			productName = breatEkSmartTests;
			productReference = 00E356EE1AD99517003FC87E /* breatEkSmartTests.xctest */;
			productType = "com.apple.product-type.bundle.unit-test";
		};
		13B07F861A680F5B00A75B9A /* breatEkSmart */ = {
			isa = PBXNativeTarget;
			buildConfigurationList = 13B07F931A680F5B00A75B9A /* Build configuration list for PBXNativeTarget "breatEkSmart" */;
			buildPhases = (
				FD10A7F022414F080027D42C /* Start Packager */,
				13B07F871A680F5B00A75B9A /* Sources */,
				13B07F8C1A680F5B00A75B9A /* Frameworks */,
				13B07F8E1A680F5B00A75B9A /* Resources */,
				00DD1BFF1BD5951E006B06BC /* Bundle React Native code and images */,
			);
			buildRules = (
			);
			dependencies = (
			);
			name = breatEkSmart;
			productName = breatEkSmart;
			productReference = 13B07F961A680F5B00A75B9A /* breatEkSmart.app */;
			productType = "com.apple.product-type.application";
		};
		2D02E47A1E0B4A5D006451C7 /* breatEkSmart-tvOS */ = {
			isa = PBXNativeTarget;
			buildConfigurationList = 2D02E4BA1E0B4A5E006451C7 /* Build configuration list for PBXNativeTarget "breatEkSmart-tvOS" */;
			buildPhases = (
				FD10A7F122414F3F0027D42C /* Start Packager */,
				2D02E4771E0B4A5D006451C7 /* Sources */,
				2D02E4781E0B4A5D006451C7 /* Frameworks */,
				2D02E4791E0B4A5D006451C7 /* Resources */,
				2D02E4CB1E0B4B27006451C7 /* Bundle React Native Code And Images */,
			);
			buildRules = (
			);
			dependencies = (
			);
			name = "breatEkSmart-tvOS";
			productName = "breatEkSmart-tvOS";
			productReference = 2D02E47B1E0B4A5D006451C7 /* breatEkSmart-tvOS.app */;
			productType = "com.apple.product-type.application";
		};
		2D02E48F1E0B4A5D006451C7 /* breatEkSmart-tvOSTests */ = {
			isa = PBXNativeTarget;
			buildConfigurationList = 2D02E4BB1E0B4A5E006451C7 /* Build configuration list for PBXNativeTarget "breatEkSmart-tvOSTests" */;
			buildPhases = (
				2D02E48C1E0B4A5D006451C7 /* Sources */,
				2D02E48D1E0B4A5D006451C7 /* Frameworks */,
				2D02E48E1E0B4A5D006451C7 /* Resources */,
			);
			buildRules = (
			);
			dependencies = (
				2D02E4921E0B4A5D006451C7 /* PBXTargetDependency */,
			);
			name = "breatEkSmart-tvOSTests";
			productName = "breatEkSmart-tvOSTests";
			productReference = 2D02E4901E0B4A5D006451C7 /* breatEkSmart-tvOSTests.xctest */;
			productType = "com.apple.product-type.bundle.unit-test";
		};
/* End PBXNativeTarget section */

/* Begin PBXProject section */
		83CBB9F71A601CBA00E9B192 /* Project object */ = {
			isa = PBXProject;
			attributes = {
				LastUpgradeCheck = 1130;
				TargetAttributes = {
					00E356ED1AD99517003FC87E = {
						CreatedOnToolsVersion = 6.2;
						TestTargetID = 13B07F861A680F5B00A75B9A;
					};
					13B07F861A680F5B00A75B9A = {
						LastSwiftMigration = 1120;
					};
					2D02E47A1E0B4A5D006451C7 = {
						CreatedOnToolsVersion = 8.2.1;
						ProvisioningStyle = Automatic;
					};
					2D02E48F1E0B4A5D006451C7 = {
						CreatedOnToolsVersion = 8.2.1;
						ProvisioningStyle = Automatic;
						TestTargetID = 2D02E47A1E0B4A5D006451C7;
					};
				};
			};
			buildConfigurationList = 83CBB9FA1A601CBA00E9B192 /* Build configuration list for PBXProject "breatEkSmart" */;
			compatibilityVersion = "Xcode 3.2";
			developmentRegion = en;
			hasScannedForEncodings = 0;
			knownRegions = (
				en,
				Base,
			);
			mainGroup = 83CBB9F61A601CBA00E9B192;
			productRefGroup = 83CBBA001A601CBA00E9B192 /* Products */;
			projectDirPath = "";
			projectRoot = "";
			targets = (
				13B07F861A680F5B00A75B9A /* breatEkSmart */,
				00E356ED1AD99517003FC87E /* breatEkSmartTests */,
				2D02E47A1E0B4A5D006451C7 /* breatEkSmart-tvOS */,
				2D02E48F1E0B4A5D006451C7 /* breatEkSmart-tvOSTests */,
			);
		};
/* End PBXProject section */

/* Begin PBXResourcesBuildPhase section */
		00E356EC1AD99517003FC87E /* Resources */ = {
			isa = PBXResourcesBuildPhase;
			buildActionMask = 2147483647;
			files = (
			);
			runOnlyForDeploymentPostprocessing = 0;
		};
		13B07F8E1A680F5B00A75B9A /* Resources */ = {
			isa = PBXResourcesBuildPhase;
			buildActionMask = 2147483647;
			files = (
				13B07FBF1A68108700A75B9A /* Images.xcassets in Resources */,
				13B07FBD1A68108700A75B9A /* LaunchScreen.xib in Resources */,
				F339439536E94B61B65DCF34 /* AntDesign.ttf in Resources */,
				F0BE6DEB83464BF696625555 /* Entypo.ttf in Resources */,
				481CDD9232DA46A79FDD6A54 /* EvilIcons.ttf in Resources */,
				44E82B9BA54A49AB823AB42E /* Feather.ttf in Resources */,
				3DF6ABCFD350462889241B10 /* FontAwesome.ttf in Resources */,
				6B7BFAB87A8743199D4D09A3 /* FontAwesome5_Brands.ttf in Resources */,
				5B060221F118405F8E85B20A /* FontAwesome5_Regular.ttf in Resources */,
				BC1F7F4AAF3C46EEAB401273 /* FontAwesome5_Solid.ttf in Resources */,
				4904717270C74954956A2A44 /* Fontisto.ttf in Resources */,
				8DD6938EAD10462A80C9CE76 /* Foundation.ttf in Resources */,
				E5E9CDD1998B4485B93ACC90 /* Ionicons.ttf in Resources */,
				E2BF901CAFE44E9A81CBC571 /* MaterialCommunityIcons.ttf in Resources */,
				BDB7770C0341424B958A6B01 /* MaterialIcons.ttf in Resources */,
				14C562EEDC7143B584B28B54 /* Octicons.ttf in Resources */,
				A68773337E2049539F6CC3E2 /* SimpleLineIcons.ttf in Resources */,
				4C434383A43C42BFABD2C28B /* Zocial.ttf in Resources */,
				E5E8D42894724912B5F01A7A /* Aladin-Regular.ttf in Resources */,
				9D50C1CC63054B0293465AD0 /* Baloo2-Regular.ttf in Resources */,
				799151F6950D4B9D91E46353 /* BalooChettan2-Bold.ttf in Resources */,
				9BEFC5D4291C41C1BFB9F33A /* BalooChettan2-Regular.ttf in Resources */,
				497A9CDB6143483AB131153F /* Comfortaa-VariableFont_wght.ttf in Resources */,
				ED23E851A53D4C38B3E763E4 /* FiraCode-VariableFont_wght.ttf in Resources */,
				34F5201E62AF485D90A619C4 /* Handlee-Regular.ttf in Resources */,
				52BF8AA24B9846258DEDC2CF /* MeriendaOne-Regular.ttf in Resources */,
				38461C7DAD724091A5E90C64 /* Montserrat-Medium.ttf in Resources */,
				4A8D723E6E9E49B8AD5CB0D8 /* Montserrat-SemiBold.ttf in Resources */,
				0072EFA4C73547959CCA2D76 /* NotoSansJP-Bold.otf in Resources */,
				7EB0D7F5A31548B6A31A9CA9 /* NotoSansJP-Medium.otf in Resources */,
				C838BA736D794D1C9F5D63C0 /* NotoSansJP-Regular.otf in Resources */,
				1A55E75AD6C34C2B9C50DE4B /* NotoSansJP-Thin.otf in Resources */,
				AD5278BF822E4AF2965BA696 /* OxygenMono-Regular.ttf in Resources */,
				A278E9BDE83A4C14B3761D7B /* Tabitha.ttf in Resources */,
				83F1DF467B814FB5848AD406 /* WorkSans-Regular.ttf in Resources */,
				216FBAE162F845778F9661EF /* WorkSans-SemiBold.ttf in Resources */,
				E4E5F81EF94D4BB197CC9A2B /* Xerox Serif Narrow Bold.ttf in Resources */,
				3EAC06BFCC9E4F4AA451C94D /* Aladin-Regular.ttf in Resources */,
				DF725F074E944625896523AB /* Baloo2-Regular.ttf in Resources */,
				2B15F2EDB8AD44B1AF9AFEB0 /* BalooChettan2-Bold.ttf in Resources */,
				74BC3972160E40D6A7199888 /* BalooChettan2-Regular.ttf in Resources */,
				CE3A4D8BD4A04777B9C9C552 /* Comfortaa-VariableFont_wght.ttf in Resources */,
				C427C5A28E20499CA49E2EED /* FiraCode-VariableFont_wght.ttf in Resources */,
				E617935D9A7542A59219A3EC /* Handlee-Regular.ttf in Resources */,
				78043D5643B8402E98E97F4E /* MeriendaOne-Regular.ttf in Resources */,
				FD73286F196040C298AADE6B /* Montserrat-Medium.ttf in Resources */,
				D8D2CFD53BE44FFFB4A2F9DD /* Montserrat-SemiBold.ttf in Resources */,
				7A62EC81C06D4B5498625D5A /* NotoSansJP-Bold.otf in Resources */,
				C21152526DB543D3A833886A /* NotoSansJP-Medium.otf in Resources */,
				AAC540885FDC44628809371C /* NotoSansJP-Regular.otf in Resources */,
				89813DF49CD84DD88E81D8AB /* NotoSansJP-Thin.otf in Resources */,
				EE6608DA856648079D6B0C7D /* OxygenMono-Regular.ttf in Resources */,
				3D10CFFCA86E437BB4A39FE2 /* Tabitha.ttf in Resources */,
				58F52E76C684405FB2F2768A /* Xerox Serif Narrow Bold.ttf in Resources */,
			);
			runOnlyForDeploymentPostprocessing = 0;
		};
		2D02E4791E0B4A5D006451C7 /* Resources */ = {
			isa = PBXResourcesBuildPhase;
			buildActionMask = 2147483647;
			files = (
				2D02E4BD1E0B4A84006451C7 /* Images.xcassets in Resources */,
			);
			runOnlyForDeploymentPostprocessing = 0;
		};
		2D02E48E1E0B4A5D006451C7 /* Resources */ = {
			isa = PBXResourcesBuildPhase;
			buildActionMask = 2147483647;
			files = (
			);
			runOnlyForDeploymentPostprocessing = 0;
		};
/* End PBXResourcesBuildPhase section */

/* Begin PBXShellScriptBuildPhase section */
		00DD1BFF1BD5951E006B06BC /* Bundle React Native code and images */ = {
			isa = PBXShellScriptBuildPhase;
			buildActionMask = 2147483647;
			files = (
			);
			inputPaths = (
			);
			name = "Bundle React Native code and images";
			outputPaths = (
			);
			runOnlyForDeploymentPostprocessing = 0;
			shellPath = /bin/sh;
			shellScript = "export NODE_BINARY=node\n../node_modules/react-native/scripts/react-native-xcode.sh";
		};
		2D02E4CB1E0B4B27006451C7 /* Bundle React Native Code And Images */ = {
			isa = PBXShellScriptBuildPhase;
			buildActionMask = 2147483647;
			files = (
			);
			inputPaths = (
			);
			name = "Bundle React Native Code And Images";
			outputPaths = (
			);
			runOnlyForDeploymentPostprocessing = 0;
			shellPath = /bin/sh;
			shellScript = "export NODE_BINARY=node\n../node_modules/react-native/scripts/react-native-xcode.sh";
		};
		FD10A7F022414F080027D42C /* Start Packager */ = {
			isa = PBXShellScriptBuildPhase;
			buildActionMask = 2147483647;
			files = (
			);
			inputFileListPaths = (
			);
			inputPaths = (
			);
			name = "Start Packager";
			outputFileListPaths = (
			);
			outputPaths = (
			);
			runOnlyForDeploymentPostprocessing = 0;
			shellPath = /bin/sh;
			shellScript = "export RCT_METRO_PORT=\"${RCT_METRO_PORT:=8081}\"\necho \"export RCT_METRO_PORT=${RCT_METRO_PORT}\" > \"${SRCROOT}/../node_modules/react-native/scripts/.packager.env\"\nif [ -z \"${RCT_NO_LAUNCH_PACKAGER+xxx}\" ] ; then\n  if nc -w 5 -z localhost ${RCT_METRO_PORT} ; then\n    if ! curl -s \"http://localhost:${RCT_METRO_PORT}/status\" | grep -q \"packager-status:running\" ; then\n      echo \"Port ${RCT_METRO_PORT} already in use, packager is either not running or not running correctly\"\n      exit 2\n    fi\n  else\n    open \"$SRCROOT/../node_modules/react-native/scripts/launchPackager.command\" || echo \"Can't start packager automatically\"\n  fi\nfi\n";
			showEnvVarsInLog = 0;
		};
		FD10A7F122414F3F0027D42C /* Start Packager */ = {
			isa = PBXShellScriptBuildPhase;
			buildActionMask = 2147483647;
			files = (
			);
			inputFileListPaths = (
			);
			inputPaths = (
			);
			name = "Start Packager";
			outputFileListPaths = (
			);
			outputPaths = (
			);
			runOnlyForDeploymentPostprocessing = 0;
			shellPath = /bin/sh;
			shellScript = "export RCT_METRO_PORT=\"${RCT_METRO_PORT:=8081}\"\necho \"export RCT_METRO_PORT=${RCT_METRO_PORT}\" > \"${SRCROOT}/../node_modules/react-native/scripts/.packager.env\"\nif [ -z \"${RCT_NO_LAUNCH_PACKAGER+xxx}\" ] ; then\n  if nc -w 5 -z localhost ${RCT_METRO_PORT} ; then\n    if ! curl -s \"http://localhost:${RCT_METRO_PORT}/status\" | grep -q \"packager-status:running\" ; then\n      echo \"Port ${RCT_METRO_PORT} already in use, packager is either not running or not running correctly\"\n      exit 2\n    fi\n  else\n    open \"$SRCROOT/../node_modules/react-native/scripts/launchPackager.command\" || echo \"Can't start packager automatically\"\n  fi\nfi\n";
			showEnvVarsInLog = 0;
		};
/* End PBXShellScriptBuildPhase section */

/* Begin PBXSourcesBuildPhase section */
		00E356EA1AD99517003FC87E /* Sources */ = {
			isa = PBXSourcesBuildPhase;
			buildActionMask = 2147483647;
			files = (
				00E356F31AD99517003FC87E /* breatEkSmartTests.m in Sources */,
			);
			runOnlyForDeploymentPostprocessing = 0;
		};
		13B07F871A680F5B00A75B9A /* Sources */ = {
			isa = PBXSourcesBuildPhase;
			buildActionMask = 2147483647;
			files = (
				13B07FBC1A68108700A75B9A /* AppDelegate.m in Sources */,
				13B07FC11A68108700A75B9A /* main.m in Sources */,
			);
			runOnlyForDeploymentPostprocessing = 0;
		};
		2D02E4771E0B4A5D006451C7 /* Sources */ = {
			isa = PBXSourcesBuildPhase;
			buildActionMask = 2147483647;
			files = (
				2D02E4BF1E0B4AB3006451C7 /* main.m in Sources */,
				2D02E4BC1E0B4A80006451C7 /* AppDelegate.m in Sources */,
			);
			runOnlyForDeploymentPostprocessing = 0;
		};
		2D02E48C1E0B4A5D006451C7 /* Sources */ = {
			isa = PBXSourcesBuildPhase;
			buildActionMask = 2147483647;
			files = (
				2DCD954D1E0B4F2C00145EB5 /* breatEkSmartTests.m in Sources */,
			);
			runOnlyForDeploymentPostprocessing = 0;
		};
/* End PBXSourcesBuildPhase section */

/* Begin PBXTargetDependency section */
		00E356F51AD99517003FC87E /* PBXTargetDependency */ = {
			isa = PBXTargetDependency;
			target = 13B07F861A680F5B00A75B9A /* breatEkSmart */;
			targetProxy = 00E356F41AD99517003FC87E /* PBXContainerItemProxy */;
		};
		2D02E4921E0B4A5D006451C7 /* PBXTargetDependency */ = {
			isa = PBXTargetDependency;
			target = 2D02E47A1E0B4A5D006451C7 /* breatEkSmart-tvOS */;
			targetProxy = 2D02E4911E0B4A5D006451C7 /* PBXContainerItemProxy */;
		};
/* End PBXTargetDependency section */

/* Begin PBXVariantGroup section */
		13B07FB11A68108700A75B9A /* LaunchScreen.xib */ = {
			isa = PBXVariantGroup;
			children = (
				13B07FB21A68108700A75B9A /* Base */,
			);
			name = LaunchScreen.xib;
			path = breatEkSmart;
			sourceTree = "<group>";
		};
/* End PBXVariantGroup section */

/* Begin XCBuildConfiguration section */
		00E356F61AD99517003FC87E /* Debug */ = {
			isa = XCBuildConfiguration;
			buildSettings = {
				BUNDLE_LOADER = "$(TEST_HOST)";
				GCC_PREPROCESSOR_DEFINITIONS = (
					"DEBUG=1",
					"$(inherited)",
				);
				INFOPLIST_FILE = breatEkSmartTests/Info.plist;
				IPHONEOS_DEPLOYMENT_TARGET = 9.0;
				LD_RUNPATH_SEARCH_PATHS = "$(inherited) @executable_path/Frameworks @loader_path/Frameworks";
				OTHER_LDFLAGS = (
					"-ObjC",
					"-lc++",
					"$(inherited)",
				);
				PRODUCT_BUNDLE_IDENTIFIER = "org.reactjs.native.example.$(PRODUCT_NAME:rfc1034identifier)";
				PRODUCT_NAME = "$(TARGET_NAME)";
				TEST_HOST = "$(BUILT_PRODUCTS_DIR)/breatEkSmart.app/breatEkSmart";
			};
			name = Debug;
		};
		00E356F71AD99517003FC87E /* Release */ = {
			isa = XCBuildConfiguration;
			buildSettings = {
				BUNDLE_LOADER = "$(TEST_HOST)";
				COPY_PHASE_STRIP = NO;
				INFOPLIST_FILE = breatEkSmartTests/Info.plist;
				IPHONEOS_DEPLOYMENT_TARGET = 9.0;
				LD_RUNPATH_SEARCH_PATHS = "$(inherited) @executable_path/Frameworks @loader_path/Frameworks";
				OTHER_LDFLAGS = (
					"-ObjC",
					"-lc++",
					"$(inherited)",
				);
				PRODUCT_BUNDLE_IDENTIFIER = "org.reactjs.native.example.$(PRODUCT_NAME:rfc1034identifier)";
				PRODUCT_NAME = "$(TARGET_NAME)";
				TEST_HOST = "$(BUILT_PRODUCTS_DIR)/breatEkSmart.app/breatEkSmart";
			};
			name = Release;
		};
		13B07F941A680F5B00A75B9A /* Debug */ = {
			isa = XCBuildConfiguration;
			buildSettings = {
				ASSETCATALOG_COMPILER_APPICON_NAME = AppIcon;
				CLANG_ENABLE_MODULES = YES;
				CURRENT_PROJECT_VERSION = 1;
				ENABLE_BITCODE = NO;
				GCC_PREPROCESSOR_DEFINITIONS = (
					"$(inherited)",
					"FB_SONARKIT_ENABLED=1",
				);
				INFOPLIST_FILE = breatEkSmart/Info.plist;
				LD_RUNPATH_SEARCH_PATHS = "$(inherited) @executable_path/Frameworks";
				OTHER_LDFLAGS = (
					"$(inherited)",
					"-ObjC",
					"-lc++",
				);
				PRODUCT_BUNDLE_IDENTIFIER = "org.reactjs.native.example.$(PRODUCT_NAME:rfc1034identifier)";
				PRODUCT_NAME = breatEkSmart;
				SWIFT_OPTIMIZATION_LEVEL = "-Onone";
				SWIFT_VERSION = 5.0;
				VERSIONING_SYSTEM = "apple-generic";
			};
			name = Debug;
		};
		13B07F951A680F5B00A75B9A /* Release */ = {
			isa = XCBuildConfiguration;
			buildSettings = {
				ASSETCATALOG_COMPILER_APPICON_NAME = AppIcon;
				CLANG_ENABLE_MODULES = YES;
				CURRENT_PROJECT_VERSION = 1;
				INFOPLIST_FILE = breatEkSmart/Info.plist;
				LD_RUNPATH_SEARCH_PATHS = "$(inherited) @executable_path/Frameworks";
				OTHER_LDFLAGS = (
					"$(inherited)",
					"-ObjC",
					"-lc++",
				);
				PRODUCT_BUNDLE_IDENTIFIER = "org.reactjs.native.example.$(PRODUCT_NAME:rfc1034identifier)";
				PRODUCT_NAME = breatEkSmart;
				SWIFT_VERSION = 5.0;
				VERSIONING_SYSTEM = "apple-generic";
			};
			name = Release;
		};
		2D02E4971E0B4A5E006451C7 /* Debug */ = {
			isa = XCBuildConfiguration;
			buildSettings = {
				ASSETCATALOG_COMPILER_APPICON_NAME = "App Icon & Top Shelf Image";
				ASSETCATALOG_COMPILER_LAUNCHIMAGE_NAME = LaunchImage;
				CLANG_ANALYZER_NONNULL = YES;
				CLANG_WARN_DOCUMENTATION_COMMENTS = YES;
				CLANG_WARN_INFINITE_RECURSION = YES;
				CLANG_WARN_SUSPICIOUS_MOVE = YES;
				DEBUG_INFORMATION_FORMAT = dwarf;
				ENABLE_TESTABILITY = YES;
				GCC_NO_COMMON_BLOCKS = YES;
				INFOPLIST_FILE = "breatEkSmart-tvOS/Info.plist";
				LD_RUNPATH_SEARCH_PATHS = "$(inherited) @executable_path/Frameworks";
				OTHER_LDFLAGS = (
					"$(inherited)",
					"-ObjC",
					"-lc++",
				);
				PRODUCT_BUNDLE_IDENTIFIER = "org.reactjs.native.example.breatEkSmart-tvOS";
				PRODUCT_NAME = "$(TARGET_NAME)";
				SDKROOT = appletvos;
				TARGETED_DEVICE_FAMILY = 3;
				TVOS_DEPLOYMENT_TARGET = 9.2;
			};
			name = Debug;
		};
		2D02E4981E0B4A5E006451C7 /* Release */ = {
			isa = XCBuildConfiguration;
			buildSettings = {
				ASSETCATALOG_COMPILER_APPICON_NAME = "App Icon & Top Shelf Image";
				ASSETCATALOG_COMPILER_LAUNCHIMAGE_NAME = LaunchImage;
				CLANG_ANALYZER_NONNULL = YES;
				CLANG_WARN_DOCUMENTATION_COMMENTS = YES;
				CLANG_WARN_INFINITE_RECURSION = YES;
				CLANG_WARN_SUSPICIOUS_MOVE = YES;
				COPY_PHASE_STRIP = NO;
				DEBUG_INFORMATION_FORMAT = "dwarf-with-dsym";
				GCC_NO_COMMON_BLOCKS = YES;
				INFOPLIST_FILE = "breatEkSmart-tvOS/Info.plist";
				LD_RUNPATH_SEARCH_PATHS = "$(inherited) @executable_path/Frameworks";
				OTHER_LDFLAGS = (
					"$(inherited)",
					"-ObjC",
					"-lc++",
				);
				PRODUCT_BUNDLE_IDENTIFIER = "org.reactjs.native.example.breatEkSmart-tvOS";
				PRODUCT_NAME = "$(TARGET_NAME)";
				SDKROOT = appletvos;
				TARGETED_DEVICE_FAMILY = 3;
				TVOS_DEPLOYMENT_TARGET = 9.2;
			};
			name = Release;
		};
		2D02E4991E0B4A5E006451C7 /* Debug */ = {
			isa = XCBuildConfiguration;
			buildSettings = {
				BUNDLE_LOADER = "$(TEST_HOST)";
				CLANG_ANALYZER_NONNULL = YES;
				CLANG_WARN_DOCUMENTATION_COMMENTS = YES;
				CLANG_WARN_INFINITE_RECURSION = YES;
				CLANG_WARN_SUSPICIOUS_MOVE = YES;
				DEBUG_INFORMATION_FORMAT = dwarf;
				ENABLE_TESTABILITY = YES;
				GCC_NO_COMMON_BLOCKS = YES;
				INFOPLIST_FILE = "breatEkSmart-tvOSTests/Info.plist";
				LD_RUNPATH_SEARCH_PATHS = "$(inherited) @executable_path/Frameworks @loader_path/Frameworks";
				OTHER_LDFLAGS = (
					"$(inherited)",
					"-ObjC",
					"-lc++",
				);
				PRODUCT_BUNDLE_IDENTIFIER = "org.reactjs.native.example.breatEkSmart-tvOSTests";
				PRODUCT_NAME = "$(TARGET_NAME)";
				SDKROOT = appletvos;
				TEST_HOST = "$(BUILT_PRODUCTS_DIR)/breatEkSmart-tvOS.app/breatEkSmart-tvOS";
				TVOS_DEPLOYMENT_TARGET = 10.1;
			};
			name = Debug;
		};
		2D02E49A1E0B4A5E006451C7 /* Release */ = {
			isa = XCBuildConfiguration;
			buildSettings = {
				BUNDLE_LOADER = "$(TEST_HOST)";
				CLANG_ANALYZER_NONNULL = YES;
				CLANG_WARN_DOCUMENTATION_COMMENTS = YES;
				CLANG_WARN_INFINITE_RECURSION = YES;
				CLANG_WARN_SUSPICIOUS_MOVE = YES;
				COPY_PHASE_STRIP = NO;
				DEBUG_INFORMATION_FORMAT = "dwarf-with-dsym";
				GCC_NO_COMMON_BLOCKS = YES;
				INFOPLIST_FILE = "breatEkSmart-tvOSTests/Info.plist";
				LD_RUNPATH_SEARCH_PATHS = "$(inherited) @executable_path/Frameworks @loader_path/Frameworks";
				OTHER_LDFLAGS = (
					"$(inherited)",
					"-ObjC",
					"-lc++",
				);
				PRODUCT_BUNDLE_IDENTIFIER = "org.reactjs.native.example.breatEkSmart-tvOSTests";
				PRODUCT_NAME = "$(TARGET_NAME)";
				SDKROOT = appletvos;
				TEST_HOST = "$(BUILT_PRODUCTS_DIR)/breatEkSmart-tvOS.app/breatEkSmart-tvOS";
				TVOS_DEPLOYMENT_TARGET = 10.1;
			};
			name = Release;
		};
		83CBBA201A601CBA00E9B192 /* Debug */ = {
			isa = XCBuildConfiguration;
			buildSettings = {
				ALWAYS_SEARCH_USER_PATHS = NO;
				CLANG_ANALYZER_LOCALIZABILITY_NONLOCALIZED = YES;
				CLANG_CXX_LANGUAGE_STANDARD = "gnu++0x";
				CLANG_CXX_LIBRARY = "libc++";
				CLANG_ENABLE_MODULES = YES;
				CLANG_ENABLE_OBJC_ARC = YES;
				CLANG_WARN_BLOCK_CAPTURE_AUTORELEASING = YES;
				CLANG_WARN_BOOL_CONVERSION = YES;
				CLANG_WARN_COMMA = YES;
				CLANG_WARN_CONSTANT_CONVERSION = YES;
				CLANG_WARN_DEPRECATED_OBJC_IMPLEMENTATIONS = YES;
				CLANG_WARN_DIRECT_OBJC_ISA_USAGE = YES_ERROR;
				CLANG_WARN_EMPTY_BODY = YES;
				CLANG_WARN_ENUM_CONVERSION = YES;
				CLANG_WARN_INFINITE_RECURSION = YES;
				CLANG_WARN_INT_CONVERSION = YES;
				CLANG_WARN_NON_LITERAL_NULL_CONVERSION = YES;
				CLANG_WARN_OBJC_IMPLICIT_RETAIN_SELF = YES;
				CLANG_WARN_OBJC_LITERAL_CONVERSION = YES;
				CLANG_WARN_OBJC_ROOT_CLASS = YES_ERROR;
				CLANG_WARN_RANGE_LOOP_ANALYSIS = YES;
				CLANG_WARN_STRICT_PROTOTYPES = YES;
				CLANG_WARN_SUSPICIOUS_MOVE = YES;
				CLANG_WARN_UNREACHABLE_CODE = YES;
				CLANG_WARN__DUPLICATE_METHOD_MATCH = YES;
				"CODE_SIGN_IDENTITY[sdk=iphoneos*]" = "iPhone Developer";
				COPY_PHASE_STRIP = NO;
				ENABLE_STRICT_OBJC_MSGSEND = YES;
				ENABLE_TESTABILITY = YES;
				GCC_C_LANGUAGE_STANDARD = gnu99;
				GCC_DYNAMIC_NO_PIC = NO;
				GCC_NO_COMMON_BLOCKS = YES;
				GCC_OPTIMIZATION_LEVEL = 0;
				GCC_PREPROCESSOR_DEFINITIONS = (
					"DEBUG=1",
					"$(inherited)",
				);
				GCC_SYMBOLS_PRIVATE_EXTERN = NO;
				GCC_WARN_64_TO_32_BIT_CONVERSION = YES;
				GCC_WARN_ABOUT_RETURN_TYPE = YES_ERROR;
				GCC_WARN_UNDECLARED_SELECTOR = YES;
				GCC_WARN_UNINITIALIZED_AUTOS = YES_AGGRESSIVE;
				GCC_WARN_UNUSED_FUNCTION = YES;
				GCC_WARN_UNUSED_VARIABLE = YES;
				IPHONEOS_DEPLOYMENT_TARGET = 9.0;
				LD_RUNPATH_SEARCH_PATHS = "/usr/lib/swift $(inherited)";
				LIBRARY_SEARCH_PATHS = (
					"\"$(TOOLCHAIN_DIR)/usr/lib/swift/$(PLATFORM_NAME)\"",
					"\"$(TOOLCHAIN_DIR)/usr/lib/swift-5.0/$(PLATFORM_NAME)\"",
					"\"$(inherited)\"",
				);
				MTL_ENABLE_DEBUG_INFO = YES;
				ONLY_ACTIVE_ARCH = YES;
				SDKROOT = iphoneos;
			};
			name = Debug;
		};
		83CBBA211A601CBA00E9B192 /* Release */ = {
			isa = XCBuildConfiguration;
			buildSettings = {
				ALWAYS_SEARCH_USER_PATHS = NO;
				CLANG_ANALYZER_LOCALIZABILITY_NONLOCALIZED = YES;
				CLANG_CXX_LANGUAGE_STANDARD = "gnu++0x";
				CLANG_CXX_LIBRARY = "libc++";
				CLANG_ENABLE_MODULES = YES;
				CLANG_ENABLE_OBJC_ARC = YES;
				CLANG_WARN_BLOCK_CAPTURE_AUTORELEASING = YES;
				CLANG_WARN_BOOL_CONVERSION = YES;
				CLANG_WARN_COMMA = YES;
				CLANG_WARN_CONSTANT_CONVERSION = YES;
				CLANG_WARN_DEPRECATED_OBJC_IMPLEMENTATIONS = YES;
				CLANG_WARN_DIRECT_OBJC_ISA_USAGE = YES_ERROR;
				CLANG_WARN_EMPTY_BODY = YES;
				CLANG_WARN_ENUM_CONVERSION = YES;
				CLANG_WARN_INFINITE_RECURSION = YES;
				CLANG_WARN_INT_CONVERSION = YES;
				CLANG_WARN_NON_LITERAL_NULL_CONVERSION = YES;
				CLANG_WARN_OBJC_IMPLICIT_RETAIN_SELF = YES;
				CLANG_WARN_OBJC_LITERAL_CONVERSION = YES;
				CLANG_WARN_OBJC_ROOT_CLASS = YES_ERROR;
				CLANG_WARN_RANGE_LOOP_ANALYSIS = YES;
				CLANG_WARN_STRICT_PROTOTYPES = YES;
				CLANG_WARN_SUSPICIOUS_MOVE = YES;
				CLANG_WARN_UNREACHABLE_CODE = YES;
				CLANG_WARN__DUPLICATE_METHOD_MATCH = YES;
				"CODE_SIGN_IDENTITY[sdk=iphoneos*]" = "iPhone Developer";
				COPY_PHASE_STRIP = YES;
				ENABLE_NS_ASSERTIONS = NO;
				ENABLE_STRICT_OBJC_MSGSEND = YES;
				GCC_C_LANGUAGE_STANDARD = gnu99;
				GCC_NO_COMMON_BLOCKS = YES;
				GCC_WARN_64_TO_32_BIT_CONVERSION = YES;
				GCC_WARN_ABOUT_RETURN_TYPE = YES_ERROR;
				GCC_WARN_UNDECLARED_SELECTOR = YES;
				GCC_WARN_UNINITIALIZED_AUTOS = YES_AGGRESSIVE;
				GCC_WARN_UNUSED_FUNCTION = YES;
				GCC_WARN_UNUSED_VARIABLE = YES;
				IPHONEOS_DEPLOYMENT_TARGET = 9.0;
				LD_RUNPATH_SEARCH_PATHS = "/usr/lib/swift $(inherited)";
				LIBRARY_SEARCH_PATHS = (
					"\"$(TOOLCHAIN_DIR)/usr/lib/swift/$(PLATFORM_NAME)\"",
					"\"$(TOOLCHAIN_DIR)/usr/lib/swift-5.0/$(PLATFORM_NAME)\"",
					"\"$(inherited)\"",
				);
				MTL_ENABLE_DEBUG_INFO = NO;
				SDKROOT = iphoneos;
				VALIDATE_PRODUCT = YES;
			};
			name = Release;
		};
/* End XCBuildConfiguration section */

/* Begin XCConfigurationList section */
		00E357021AD99517003FC87E /* Build configuration list for PBXNativeTarget "breatEkSmartTests" */ = {
			isa = XCConfigurationList;
			buildConfigurations = (
				00E356F61AD99517003FC87E /* Debug */,
				00E356F71AD99517003FC87E /* Release */,
			);
			defaultConfigurationIsVisible = 0;
			defaultConfigurationName = Release;
		};
		13B07F931A680F5B00A75B9A /* Build configuration list for PBXNativeTarget "breatEkSmart" */ = {
			isa = XCConfigurationList;
			buildConfigurations = (
				13B07F941A680F5B00A75B9A /* Debug */,
				13B07F951A680F5B00A75B9A /* Release */,
			);
			defaultConfigurationIsVisible = 0;
			defaultConfigurationName = Release;
		};
		2D02E4BA1E0B4A5E006451C7 /* Build configuration list for PBXNativeTarget "breatEkSmart-tvOS" */ = {
			isa = XCConfigurationList;
			buildConfigurations = (
				2D02E4971E0B4A5E006451C7 /* Debug */,
				2D02E4981E0B4A5E006451C7 /* Release */,
			);
			defaultConfigurationIsVisible = 0;
			defaultConfigurationName = Release;
		};
		2D02E4BB1E0B4A5E006451C7 /* Build configuration list for PBXNativeTarget "breatEkSmart-tvOSTests" */ = {
			isa = XCConfigurationList;
			buildConfigurations = (
				2D02E4991E0B4A5E006451C7 /* Debug */,
				2D02E49A1E0B4A5E006451C7 /* Release */,
			);
			defaultConfigurationIsVisible = 0;
			defaultConfigurationName = Release;
		};
		83CBB9FA1A601CBA00E9B192 /* Build configuration list for PBXProject "breatEkSmart" */ = {
			isa = XCConfigurationList;
			buildConfigurations = (
				83CBBA201A601CBA00E9B192 /* Debug */,
				83CBBA211A601CBA00E9B192 /* Release */,
			);
			defaultConfigurationIsVisible = 0;
			defaultConfigurationName = Release;
		};
/* End XCConfigurationList section */
	};
	rootObject = 83CBB9F71A601CBA00E9B192 /* Project object */;
}
